// !$*UTF8*$!
{
	archiveVersion = 1;
	classes = {
	};
	objectVersion = 56;
	objects = {

/* Begin PBXBuildFile section */
		8B9645B22EB704600076E2F2 /* PalabraDDApp.swift in Sources */ = {isa = PBXBuildFile; fileRef = 8B9645B12EB704600076E2F2 /* PalabraDDApp.swift */; };
		8B9645B42EB704600076E2F2 /* ContentView.swift in Sources */ = {isa = PBXBuildFile; fileRef = 8B9645B32EB704600076E2F2 /* ContentView.swift */; };
		8B9645B62EB704630076E2F2 /* Assets.xcassets in Resources */ = {isa = PBXBuildFile; fileRef = 8B9645B52EB704630076E2F2 /* Assets.xcassets */; };
		8B9645B92EB704630076E2F2 /* Preview Assets.xcassets in Resources */ = {isa = PBXBuildFile; fileRef = 8B9645B82EB704630076E2F2 /* Preview Assets.xcassets */; };
		8B9645C32EB704630076E2F2 /* PalabraDDTests.swift in Sources */ = {isa = PBXBuildFile; fileRef = 8B9645C22EB704630076E2F2 /* PalabraDDTests.swift */; };
		8B9645CD2EB704630076E2F2 /* PalabraDDUITests.swift in Sources */ = {isa = PBXBuildFile; fileRef = 8B9645CC2EB704630076E2F2 /* PalabraDDUITests.swift */; };
		8B9645CF2EB704630076E2F2 /* PalabraDDUITestsLaunchTests.swift in Sources */ = {isa = PBXBuildFile; fileRef = 8B9645CE2EB704630076E2F2 /* PalabraDDUITestsLaunchTests.swift */; };
		8B9645E22EB708890076E2F2 /* WidgetKit.framework in Frameworks */ = {isa = PBXBuildFile; fileRef = 8B9645E12EB708880076E2F2 /* WidgetKit.framework */; };
		8B9645E42EB708890076E2F2 /* SwiftUI.framework in Frameworks */ = {isa = PBXBuildFile; fileRef = 8B9645E32EB708890076E2F2 /* SwiftUI.framework */; };
		8B9645E72EB708890076E2F2 /* PalabraWidgetBundle.swift in Sources */ = {isa = PBXBuildFile; fileRef = 8B9645E62EB708890076E2F2 /* PalabraWidgetBundle.swift */; };
		8B9645E92EB708890076E2F2 /* PalabraWidgetLiveActivity.swift in Sources */ = {isa = PBXBuildFile; fileRef = 8B9645E82EB708890076E2F2 /* PalabraWidgetLiveActivity.swift */; };
		8B9645EB2EB708890076E2F2 /* PalabraWidget.swift in Sources */ = {isa = PBXBuildFile; fileRef = 8B9645EA2EB708890076E2F2 /* PalabraWidget.swift */; };
		8B9645ED2EB708890076E2F2 /* AppIntent.swift in Sources */ = {isa = PBXBuildFile; fileRef = 8B9645EC2EB708890076E2F2 /* AppIntent.swift */; };
		8B9645EF2EB7088C0076E2F2 /* Assets.xcassets in Resources */ = {isa = PBXBuildFile; fileRef = 8B9645EE2EB7088C0076E2F2 /* Assets.xcassets */; };
		8B9645F32EB7088C0076E2F2 /* PalabraWidgetExtension.appex in Embed Foundation Extensions */ = {isa = PBXBuildFile; fileRef = 8B9645DF2EB708880076E2F2 /* PalabraWidgetExtension.appex */; settings = {ATTRIBUTES = (RemoveHeadersOnCopy, ); }; };
		8B9645FB2EB70A6B0076E2F2 /* words_es_en.json in Resources */ = {isa = PBXBuildFile; fileRef = 8B9645FA2EB70A6A0076E2F2 /* words_es_en.json */; };
		8B9645FC2EB70A930076E2F2 /* words_es_en.json in Resources */ = {isa = PBXBuildFile; fileRef = 8B9645FA2EB70A6A0076E2F2 /* words_es_en.json */; };
		8B9646202EB73A1A0076E2F2 /* words_de_en.json in Resources */ = {isa = PBXBuildFile; fileRef = 8B96461C2EB73A1A0076E2F2 /* words_de_en.json */; };
		8B9646212EB73A1A0076E2F2 /* words_de_en.json in Resources */ = {isa = PBXBuildFile; fileRef = 8B96461C2EB73A1A0076E2F2 /* words_de_en.json */; };
		8B9646222EB73A1A0076E2F2 /* words_it_en.json in Resources */ = {isa = PBXBuildFile; fileRef = 8B96461D2EB73A1A0076E2F2 /* words_it_en.json */; };
		8B9646232EB73A1A0076E2F2 /* words_it_en.json in Resources */ = {isa = PBXBuildFile; fileRef = 8B96461D2EB73A1A0076E2F2 /* words_it_en.json */; };
		8B9646242EB73A1A0076E2F2 /* words_en_es.json in Resources */ = {isa = PBXBuildFile; fileRef = 8B96461E2EB73A1A0076E2F2 /* words_en_es.json */; };
		8B9646252EB73A1A0076E2F2 /* words_en_es.json in Resources */ = {isa = PBXBuildFile; fileRef = 8B96461E2EB73A1A0076E2F2 /* words_en_es.json */; };
		8B9645FF2EB70CB80076E2F2 /* WordEntry.swift in Sources */ = {isa = PBXBuildFile; fileRef = 8B9645FE2EB70CB80076E2F2 /* WordEntry.swift */; };
		8B96460C2EB714730076E2F2 /* WordEntry.swift in Sources */ = {isa = PBXBuildFile; fileRef = 8B9645FE2EB70CB80076E2F2 /* WordEntry.swift */; };
		8B9646012EB70CFB0076E2F2 /* WordBundleLoader.swift in Sources */ = {isa = PBXBuildFile; fileRef = 8B9646002EB70CFB0076E2F2 /* WordBundleLoader.swift */; };
		8B96460D2EB716670076E2F2 /* WordBundleLoader.swift in Sources */ = {isa = PBXBuildFile; fileRef = 8B9646002EB70CFB0076E2F2 /* WordBundleLoader.swift */; };
		8B9646022EB70E0A0076E2F2 /* BundledWordSource.swift in Sources */ = {isa = PBXBuildFile; fileRef = 8B9646032EB70E0A0076E2F2 /* BundledWordSource.swift */; };
		8B9646042EB7101E0076E2F2 /* SharedWordStore.swift in Sources */ = {isa = PBXBuildFile; fileRef = 8B9646052EB7101E0076E2F2 /* SharedWordStore.swift */; };
		8B9646062EB7101E0076E2F2 /* SharedWordStore.swift in Sources */ = {isa = PBXBuildFile; fileRef = 8B9646052EB7101E0076E2F2 /* SharedWordStore.swift */; };
		8B9646082EB7113C0076E2F2 /* WordScheduler.swift in Sources */ = {isa = PBXBuildFile; fileRef = 8B9646092EB7113C0076E2F2 /* WordScheduler.swift */; };
		8B96460A2EB7113C0076E2F2 /* WordScheduler.swift in Sources */ = {isa = PBXBuildFile; fileRef = 8B9646092EB7113C0076E2F2 /* WordScheduler.swift */; };
		8B9646102EB71A0D0076E2F2 /* PronunciationService.swift in Sources */ = {isa = PBXBuildFile; fileRef = 8B96460E2EB71A0D0076E2F2 /* PronunciationService.swift */; };
		8B9646112EB7216C0076E2F2 /* WordScheduleSettings.swift in Sources */ = {isa = PBXBuildFile; fileRef = 8B9646122EB7216C0076E2F2 /* WordScheduleSettings.swift */; };
		8B9646132EB7216C0076E2F2 /* WordScheduleSettings.swift in Sources */ = {isa = PBXBuildFile; fileRef = 8B9646122EB7216C0076E2F2 /* WordScheduleSettings.swift */; };
		8B9646142EB724B60076E2F2 /* WordFilterSettings.swift in Sources */ = {isa = PBXBuildFile; fileRef = 8B9646152EB724B60076E2F2 /* WordFilterSettings.swift */; };
		8B9646162EB7269C0076E2F2 /* WordFilterSettings.swift in Sources */ = {isa = PBXBuildFile; fileRef = 8B9646152EB724B60076E2F2 /* WordFilterSettings.swift */; };
		8B9646262EB73A5D0076E2F2 /* LanguageCatalog.swift in Sources */ = {isa = PBXBuildFile; fileRef = 8B96461F2EB73A5D0076E2F2 /* LanguageCatalog.swift */; };
		8B9646272EB73A5D0076E2F2 /* LanguageCatalog.swift in Sources */ = {isa = PBXBuildFile; fileRef = 8B96461F2EB73A5D0076E2F2 /* LanguageCatalog.swift */; };
/* End PBXBuildFile section */

/* Begin PBXContainerItemProxy section */
		8B9645BF2EB704630076E2F2 /* PBXContainerItemProxy */ = {
			isa = PBXContainerItemProxy;
			containerPortal = 8B9645A62EB704600076E2F2 /* Project object */;
			proxyType = 1;
			remoteGlobalIDString = 8B9645AD2EB704600076E2F2;
			remoteInfo = PalabraDD;
		};
		8B9645C92EB704630076E2F2 /* PBXContainerItemProxy */ = {
			isa = PBXContainerItemProxy;
			containerPortal = 8B9645A62EB704600076E2F2 /* Project object */;
			proxyType = 1;
			remoteGlobalIDString = 8B9645AD2EB704600076E2F2;
			remoteInfo = PalabraDD;
		};
		8B9645F12EB7088C0076E2F2 /* PBXContainerItemProxy */ = {
			isa = PBXContainerItemProxy;
			containerPortal = 8B9645A62EB704600076E2F2 /* Project object */;
			proxyType = 1;
			remoteGlobalIDString = 8B9645DE2EB708880076E2F2;
			remoteInfo = PalabraWidgetExtension;
		};
/* End PBXContainerItemProxy section */

/* Begin PBXCopyFilesBuildPhase section */
		8B9645F42EB7088C0076E2F2 /* Embed Foundation Extensions */ = {
			isa = PBXCopyFilesBuildPhase;
			buildActionMask = 2147483647;
			dstPath = "";
			dstSubfolderSpec = 13;
			files = (
				8B9645F32EB7088C0076E2F2 /* PalabraWidgetExtension.appex in Embed Foundation Extensions */,
			);
			name = "Embed Foundation Extensions";
			runOnlyForDeploymentPostprocessing = 0;
		};
/* End PBXCopyFilesBuildPhase section */

/* Begin PBXFileReference section */
		8B9645AE2EB704600076E2F2 /* PalabraDD.app */ = {isa = PBXFileReference; explicitFileType = wrapper.application; includeInIndex = 0; path = PalabraDD.app; sourceTree = BUILT_PRODUCTS_DIR; };
		8B9645B12EB704600076E2F2 /* PalabraDDApp.swift */ = {isa = PBXFileReference; lastKnownFileType = sourcecode.swift; path = PalabraDDApp.swift; sourceTree = "<group>"; };
		8B9645B32EB704600076E2F2 /* ContentView.swift */ = {isa = PBXFileReference; lastKnownFileType = sourcecode.swift; path = ContentView.swift; sourceTree = "<group>"; };
		8B9645B52EB704630076E2F2 /* Assets.xcassets */ = {isa = PBXFileReference; lastKnownFileType = folder.assetcatalog; path = Assets.xcassets; sourceTree = "<group>"; };
		8B9645B82EB704630076E2F2 /* Preview Assets.xcassets */ = {isa = PBXFileReference; lastKnownFileType = folder.assetcatalog; path = "Preview Assets.xcassets"; sourceTree = "<group>"; };
		8B9645BE2EB704630076E2F2 /* PalabraDDTests.xctest */ = {isa = PBXFileReference; explicitFileType = wrapper.cfbundle; includeInIndex = 0; path = PalabraDDTests.xctest; sourceTree = BUILT_PRODUCTS_DIR; };
		8B9645C22EB704630076E2F2 /* PalabraDDTests.swift */ = {isa = PBXFileReference; lastKnownFileType = sourcecode.swift; path = PalabraDDTests.swift; sourceTree = "<group>"; };
		8B9645C82EB704630076E2F2 /* PalabraDDUITests.xctest */ = {isa = PBXFileReference; explicitFileType = wrapper.cfbundle; includeInIndex = 0; path = PalabraDDUITests.xctest; sourceTree = BUILT_PRODUCTS_DIR; };
		8B9645CC2EB704630076E2F2 /* PalabraDDUITests.swift */ = {isa = PBXFileReference; lastKnownFileType = sourcecode.swift; path = PalabraDDUITests.swift; sourceTree = "<group>"; };
		8B9645CE2EB704630076E2F2 /* PalabraDDUITestsLaunchTests.swift */ = {isa = PBXFileReference; lastKnownFileType = sourcecode.swift; path = PalabraDDUITestsLaunchTests.swift; sourceTree = "<group>"; };
		8B9645DF2EB708880076E2F2 /* PalabraWidgetExtension.appex */ = {isa = PBXFileReference; explicitFileType = "wrapper.app-extension"; includeInIndex = 0; path = PalabraWidgetExtension.appex; sourceTree = BUILT_PRODUCTS_DIR; };
		8B9645E12EB708880076E2F2 /* WidgetKit.framework */ = {isa = PBXFileReference; lastKnownFileType = wrapper.framework; name = WidgetKit.framework; path = System/Library/Frameworks/WidgetKit.framework; sourceTree = SDKROOT; };
		8B9645E32EB708890076E2F2 /* SwiftUI.framework */ = {isa = PBXFileReference; lastKnownFileType = wrapper.framework; name = SwiftUI.framework; path = System/Library/Frameworks/SwiftUI.framework; sourceTree = SDKROOT; };
		8B9645E62EB708890076E2F2 /* PalabraWidgetBundle.swift */ = {isa = PBXFileReference; lastKnownFileType = sourcecode.swift; path = PalabraWidgetBundle.swift; sourceTree = "<group>"; };
		8B9645E82EB708890076E2F2 /* PalabraWidgetLiveActivity.swift */ = {isa = PBXFileReference; lastKnownFileType = sourcecode.swift; path = PalabraWidgetLiveActivity.swift; sourceTree = "<group>"; };
		8B9645EA2EB708890076E2F2 /* PalabraWidget.swift */ = {isa = PBXFileReference; lastKnownFileType = sourcecode.swift; path = PalabraWidget.swift; sourceTree = "<group>"; };
		8B9645EC2EB708890076E2F2 /* AppIntent.swift */ = {isa = PBXFileReference; lastKnownFileType = sourcecode.swift; path = AppIntent.swift; sourceTree = "<group>"; };
		8B9645EE2EB7088C0076E2F2 /* Assets.xcassets */ = {isa = PBXFileReference; lastKnownFileType = folder.assetcatalog; path = Assets.xcassets; sourceTree = "<group>"; };
		8B9645F02EB7088C0076E2F2 /* Info.plist */ = {isa = PBXFileReference; lastKnownFileType = text.plist.xml; path = Info.plist; sourceTree = "<group>"; };
		8B9645FA2EB70A6A0076E2F2 /* words_es_en.json */ = {isa = PBXFileReference; lastKnownFileType = text.json; path = words_es_en.json; sourceTree = "<group>"; };
		8B96461C2EB73A1A0076E2F2 /* words_de_en.json */ = {isa = PBXFileReference; lastKnownFileType = text.json; path = words_de_en.json; sourceTree = "<group>"; };
		8B96461D2EB73A1A0076E2F2 /* words_it_en.json */ = {isa = PBXFileReference; lastKnownFileType = text.json; path = words_it_en.json; sourceTree = "<group>"; };
		8B96461E2EB73A1A0076E2F2 /* words_en_es.json */ = {isa = PBXFileReference; lastKnownFileType = text.json; path = words_en_es.json; sourceTree = "<group>"; };
		8B9645FE2EB70CB80076E2F2 /* WordEntry.swift */ = {isa = PBXFileReference; lastKnownFileType = sourcecode.swift; path = WordEntry.swift; sourceTree = "<group>"; };
		8B9646002EB70CFB0076E2F2 /* WordBundleLoader.swift */ = {isa = PBXFileReference; lastKnownFileType = sourcecode.swift; path = WordBundleLoader.swift; sourceTree = "<group>"; };
		8B9646032EB70E0A0076E2F2 /* BundledWordSource.swift */ = {isa = PBXFileReference; lastKnownFileType = sourcecode.swift; path = BundledWordSource.swift; sourceTree = "<group>"; };
		8B9646052EB7101E0076E2F2 /* SharedWordStore.swift */ = {isa = PBXFileReference; lastKnownFileType = sourcecode.swift; path = SharedWordStore.swift; sourceTree = "<group>"; };
		8B9646092EB7113C0076E2F2 /* WordScheduler.swift */ = {isa = PBXFileReference; lastKnownFileType = sourcecode.swift; path = WordScheduler.swift; sourceTree = "<group>"; };
		8B96460E2EB71A0D0076E2F2 /* PronunciationService.swift */ = {isa = PBXFileReference; lastKnownFileType = sourcecode.swift; path = PronunciationService.swift; sourceTree = "<group>"; };
		8B9646122EB7216C0076E2F2 /* WordScheduleSettings.swift */ = {isa = PBXFileReference; lastKnownFileType = sourcecode.swift; path = WordScheduleSettings.swift; sourceTree = "<group>"; };
		8B9646152EB724B60076E2F2 /* WordFilterSettings.swift */ = {isa = PBXFileReference; lastKnownFileType = sourcecode.swift; path = WordFilterSettings.swift; sourceTree = "<group>"; };
		8B96461F2EB73A5D0076E2F2 /* LanguageCatalog.swift */ = {isa = PBXFileReference; lastKnownFileType = sourcecode.swift; path = LanguageCatalog.swift; sourceTree = "<group>"; };
/* End PBXFileReference section */

/* Begin PBXFrameworksBuildPhase section */
		8B9645AB2EB704600076E2F2 /* Frameworks */ = {
			isa = PBXFrameworksBuildPhase;
			buildActionMask = 2147483647;
			files = (
			);
			runOnlyForDeploymentPostprocessing = 0;
		};
		8B9645BB2EB704630076E2F2 /* Frameworks */ = {
			isa = PBXFrameworksBuildPhase;
			buildActionMask = 2147483647;
			files = (
			);
			runOnlyForDeploymentPostprocessing = 0;
		};
		8B9645C52EB704630076E2F2 /* Frameworks */ = {
			isa = PBXFrameworksBuildPhase;
			buildActionMask = 2147483647;
			files = (
			);
			runOnlyForDeploymentPostprocessing = 0;
		};
		8B9645DC2EB708880076E2F2 /* Frameworks */ = {
			isa = PBXFrameworksBuildPhase;
			buildActionMask = 2147483647;
			files = (
				8B9645E42EB708890076E2F2 /* SwiftUI.framework in Frameworks */,
				8B9645E22EB708890076E2F2 /* WidgetKit.framework in Frameworks */,
			);
			runOnlyForDeploymentPostprocessing = 0;
		};
/* End PBXFrameworksBuildPhase section */

/* Begin PBXGroup section */
		8B9645A52EB704600076E2F2 = {
			isa = PBXGroup;
			children = (
				8B9645F82EB709460076E2F2 /* Shared */,
				8B9645B02EB704600076E2F2 /* PalabraDD */,
				8B9645C12EB704630076E2F2 /* PalabraDDTests */,
				8B9645CB2EB704630076E2F2 /* PalabraDDUITests */,
				8B9645E52EB708890076E2F2 /* PalabraWidget */,
				8B9645E02EB708880076E2F2 /* Frameworks */,
				8B9645AF2EB704600076E2F2 /* Products */,
			);
			sourceTree = "<group>";
		};
		8B9645AF2EB704600076E2F2 /* Products */ = {
			isa = PBXGroup;
			children = (
				8B9645AE2EB704600076E2F2 /* PalabraDD.app */,
				8B9645BE2EB704630076E2F2 /* PalabraDDTests.xctest */,
				8B9645C82EB704630076E2F2 /* PalabraDDUITests.xctest */,
				8B9645DF2EB708880076E2F2 /* PalabraWidgetExtension.appex */,
			);
			name = Products;
			sourceTree = "<group>";
		};
		8B9645B02EB704600076E2F2 /* PalabraDD */ = {
			isa = PBXGroup;
			children = (
				8B9645B12EB704600076E2F2 /* PalabraDDApp.swift */,
				8B9645B32EB704600076E2F2 /* ContentView.swift */,
				8B9645B52EB704630076E2F2 /* Assets.xcassets */,
				8B9645B72EB704630076E2F2 /* Preview Content */,
			);
			path = PalabraDD;
			sourceTree = "<group>";
		};
		8B9645B72EB704630076E2F2 /* Preview Content */ = {
			isa = PBXGroup;
			children = (
				8B9645B82EB704630076E2F2 /* Preview Assets.xcassets */,
			);
			path = "Preview Content";
			sourceTree = "<group>";
		};
		8B9645C12EB704630076E2F2 /* PalabraDDTests */ = {
			isa = PBXGroup;
			children = (
				8B9645C22EB704630076E2F2 /* PalabraDDTests.swift */,
			);
			path = PalabraDDTests;
			sourceTree = "<group>";
		};
		8B9645CB2EB704630076E2F2 /* PalabraDDUITests */ = {
			isa = PBXGroup;
			children = (
				8B9645CC2EB704630076E2F2 /* PalabraDDUITests.swift */,
				8B9645CE2EB704630076E2F2 /* PalabraDDUITestsLaunchTests.swift */,
			);
			path = PalabraDDUITests;
			sourceTree = "<group>";
		};
		8B9645E02EB708880076E2F2 /* Frameworks */ = {
			isa = PBXGroup;
			children = (
				8B9645E12EB708880076E2F2 /* WidgetKit.framework */,
				8B9645E32EB708890076E2F2 /* SwiftUI.framework */,
			);
			name = Frameworks;
			sourceTree = "<group>";
		};
		8B9645E52EB708890076E2F2 /* PalabraWidget */ = {
			isa = PBXGroup;
			children = (
				8B9645E62EB708890076E2F2 /* PalabraWidgetBundle.swift */,
				8B9645E82EB708890076E2F2 /* PalabraWidgetLiveActivity.swift */,
				8B9645EA2EB708890076E2F2 /* PalabraWidget.swift */,
				8B9645EC2EB708890076E2F2 /* AppIntent.swift */,
				8B9645EE2EB7088C0076E2F2 /* Assets.xcassets */,
				8B9645F02EB7088C0076E2F2 /* Info.plist */,
			);
			path = PalabraWidget;
			sourceTree = "<group>";
		};
		8B9645F82EB709460076E2F2 /* Shared */ = {
			isa = PBXGroup;
			children = (
				8B9645FD2EB70CA50076E2F2 /* Models */,
				8B9645F92EB70A2F0076E2F2 /* Data */,
				8B9646072EB7101E0076E2F2 /* Storage */,
				8B96460B2EB7113C0076E2F2 /* Logic */,
				8B96460F2EB71A0D0076E2F2 /* Audio */,
			);
			path = Shared;
			sourceTree = "<group>";
		};
		8B9645F92EB70A2F0076E2F2 /* Data */ = {
			isa = PBXGroup;
			children = (
				8B9645FA2EB70A6A0076E2F2 /* words_es_en.json */,
				8B96461C2EB73A1A0076E2F2 /* words_de_en.json */,
				8B96461D2EB73A1A0076E2F2 /* words_it_en.json */,
				8B96461E2EB73A1A0076E2F2 /* words_en_es.json */,
				8B9646002EB70CFB0076E2F2 /* WordBundleLoader.swift */,
				8B9646032EB70E0A0076E2F2 /* BundledWordSource.swift */,
			);
			path = Data;
			sourceTree = "<group>";
		};
		8B9645FD2EB70CA50076E2F2 /* Models */ = {
			isa = PBXGroup;
			children = (
				8B9645FE2EB70CB80076E2F2 /* WordEntry.swift */,
				8B9646122EB7216C0076E2F2 /* WordScheduleSettings.swift */,
				8B9646152EB724B60076E2F2 /* WordFilterSettings.swift */,
				8B96461F2EB73A5D0076E2F2 /* LanguageCatalog.swift */,
			);
			path = Models;
			sourceTree = "<group>";
		};
		8B9646072EB7101E0076E2F2 /* Storage */ = {
			isa = PBXGroup;
			children = (
				8B9646052EB7101E0076E2F2 /* SharedWordStore.swift */,
			);
			path = Storage;
			sourceTree = "<group>";
		};
		8B96460B2EB7113C0076E2F2 /* Logic */ = {
			isa = PBXGroup;
			children = (
				8B9646092EB7113C0076E2F2 /* WordScheduler.swift */,
			);
			path = Logic;
			sourceTree = "<group>";
		};
		8B96460F2EB71A0D0076E2F2 /* Audio */ = {
			isa = PBXGroup;
			children = (
				8B96460E2EB71A0D0076E2F2 /* PronunciationService.swift */,
			);
			path = Audio;
			sourceTree = "<group>";
		};
/* End PBXGroup section */

/* Begin PBXNativeTarget section */
		8B9645AD2EB704600076E2F2 /* PalabraDD */ = {
			isa = PBXNativeTarget;
			buildConfigurationList = 8B9645D22EB704630076E2F2 /* Build configuration list for PBXNativeTarget "PalabraDD" */;
			buildPhases = (
				8B9645AA2EB704600076E2F2 /* Sources */,
				8B9645AB2EB704600076E2F2 /* Frameworks */,
				8B9645AC2EB704600076E2F2 /* Resources */,
				8B9645F42EB7088C0076E2F2 /* Embed Foundation Extensions */,
			);
			buildRules = (
			);
			dependencies = (
				8B9645F22EB7088C0076E2F2 /* PBXTargetDependency */,
			);
			name = PalabraDD;
			productName = PalabraDD;
			productReference = 8B9645AE2EB704600076E2F2 /* PalabraDD.app */;
			productType = "com.apple.product-type.application";
		};
		8B9645BD2EB704630076E2F2 /* PalabraDDTests */ = {
			isa = PBXNativeTarget;
			buildConfigurationList = 8B9645D52EB704630076E2F2 /* Build configuration list for PBXNativeTarget "PalabraDDTests" */;
			buildPhases = (
				8B9645BA2EB704630076E2F2 /* Sources */,
				8B9645BB2EB704630076E2F2 /* Frameworks */,
				8B9645BC2EB704630076E2F2 /* Resources */,
			);
			buildRules = (
			);
			dependencies = (
				8B9645C02EB704630076E2F2 /* PBXTargetDependency */,
			);
			name = PalabraDDTests;
			productName = PalabraDDTests;
			productReference = 8B9645BE2EB704630076E2F2 /* PalabraDDTests.xctest */;
			productType = "com.apple.product-type.bundle.unit-test";
		};
		8B9645C72EB704630076E2F2 /* PalabraDDUITests */ = {
			isa = PBXNativeTarget;
			buildConfigurationList = 8B9645D82EB704630076E2F2 /* Build configuration list for PBXNativeTarget "PalabraDDUITests" */;
			buildPhases = (
				8B9645C42EB704630076E2F2 /* Sources */,
				8B9645C52EB704630076E2F2 /* Frameworks */,
				8B9645C62EB704630076E2F2 /* Resources */,
			);
			buildRules = (
			);
			dependencies = (
				8B9645CA2EB704630076E2F2 /* PBXTargetDependency */,
			);
			name = PalabraDDUITests;
			productName = PalabraDDUITests;
			productReference = 8B9645C82EB704630076E2F2 /* PalabraDDUITests.xctest */;
			productType = "com.apple.product-type.bundle.ui-testing";
		};
		8B9645DE2EB708880076E2F2 /* PalabraWidgetExtension */ = {
			isa = PBXNativeTarget;
			buildConfigurationList = 8B9645F72EB7088C0076E2F2 /* Build configuration list for PBXNativeTarget "PalabraWidgetExtension" */;
			buildPhases = (
				8B9645DB2EB708880076E2F2 /* Sources */,
				8B9645DC2EB708880076E2F2 /* Frameworks */,
				8B9645DD2EB708880076E2F2 /* Resources */,
			);
			buildRules = (
			);
			dependencies = (
			);
			name = PalabraWidgetExtension;
			productName = PalabraWidgetExtension;
			productReference = 8B9645DF2EB708880076E2F2 /* PalabraWidgetExtension.appex */;
			productType = "com.apple.product-type.app-extension";
		};
/* End PBXNativeTarget section */

/* Begin PBXProject section */
		8B9645A62EB704600076E2F2 /* Project object */ = {
			isa = PBXProject;
			attributes = {
				BuildIndependentTargetsInParallel = 1;
				LastSwiftUpdateCheck = 1500;
				LastUpgradeCheck = 1500;
				TargetAttributes = {
					8B9645AD2EB704600076E2F2 = {
						CreatedOnToolsVersion = 15.0.1;
					};
					8B9645BD2EB704630076E2F2 = {
						CreatedOnToolsVersion = 15.0.1;
						TestTargetID = 8B9645AD2EB704600076E2F2;
					};
					8B9645C72EB704630076E2F2 = {
						CreatedOnToolsVersion = 15.0.1;
						TestTargetID = 8B9645AD2EB704600076E2F2;
					};
					8B9645DE2EB708880076E2F2 = {
						CreatedOnToolsVersion = 15.0.1;
					};
				};
			};
			buildConfigurationList = 8B9645A92EB704600076E2F2 /* Build configuration list for PBXProject "PalabraDD" */;
			compatibilityVersion = "Xcode 14.0";
			developmentRegion = en;
			hasScannedForEncodings = 0;
			knownRegions = (
				en,
				Base,
			);
			mainGroup = 8B9645A52EB704600076E2F2;
			productRefGroup = 8B9645AF2EB704600076E2F2 /* Products */;
			projectDirPath = "";
			projectRoot = "";
			targets = (
				8B9645AD2EB704600076E2F2 /* PalabraDD */,
				8B9645BD2EB704630076E2F2 /* PalabraDDTests */,
				8B9645C72EB704630076E2F2 /* PalabraDDUITests */,
				8B9645DE2EB708880076E2F2 /* PalabraWidgetExtension */,
			);
		};
/* End PBXProject section */

/* Begin PBXResourcesBuildPhase section */
		8B9645AC2EB704600076E2F2 /* Resources */ = {
			isa = PBXResourcesBuildPhase;
			buildActionMask = 2147483647;
			files = (
				8B9645FB2EB70A6B0076E2F2 /* words_es_en.json in Resources */,
				8B9646202EB73A1A0076E2F2 /* words_de_en.json in Resources */,
				8B9646222EB73A1A0076E2F2 /* words_it_en.json in Resources */,
				8B9646242EB73A1A0076E2F2 /* words_en_es.json in Resources */,
				8B9645B92EB704630076E2F2 /* Preview Assets.xcassets in Resources */,
				8B9645B62EB704630076E2F2 /* Assets.xcassets in Resources */,
			);
			runOnlyForDeploymentPostprocessing = 0;
		};
		8B9645BC2EB704630076E2F2 /* Resources */ = {
			isa = PBXResourcesBuildPhase;
			buildActionMask = 2147483647;
			files = (
			);
			runOnlyForDeploymentPostprocessing = 0;
		};
		8B9645C62EB704630076E2F2 /* Resources */ = {
			isa = PBXResourcesBuildPhase;
			buildActionMask = 2147483647;
			files = (
			);
			runOnlyForDeploymentPostprocessing = 0;
		};
		8B9645DD2EB708880076E2F2 /* Resources */ = {
			isa = PBXResourcesBuildPhase;
			buildActionMask = 2147483647;
			files = (
				8B9645FC2EB70A930076E2F2 /* words_es_en.json in Resources */,
				8B9646212EB73A1A0076E2F2 /* words_de_en.json in Resources */,
				8B9646232EB73A1A0076E2F2 /* words_it_en.json in Resources */,
				8B9646252EB73A1A0076E2F2 /* words_en_es.json in Resources */,
				8B9645EF2EB7088C0076E2F2 /* Assets.xcassets in Resources */,
			);
			runOnlyForDeploymentPostprocessing = 0;
		};
/* End PBXResourcesBuildPhase section */

/* Begin PBXSourcesBuildPhase section */
		8B9645AA2EB704600076E2F2 /* Sources */ = {
			isa = PBXSourcesBuildPhase;
			buildActionMask = 2147483647;
			files = (
				8B9645B42EB704600076E2F2 /* ContentView.swift in Sources */,
				8B9645B22EB704600076E2F2 /* PalabraDDApp.swift in Sources */,
				8B9646012EB70CFB0076E2F2 /* WordBundleLoader.swift in Sources */,
				8B9646022EB70E0A0076E2F2 /* BundledWordSource.swift in Sources */,
				8B9645FF2EB70CB80076E2F2 /* WordEntry.swift in Sources */,
				8B9646112EB7216C0076E2F2 /* WordScheduleSettings.swift in Sources */,
				8B9646142EB724B60076E2F2 /* WordFilterSettings.swift in Sources */,
				8B9646262EB73A5D0076E2F2 /* LanguageCatalog.swift in Sources */,
				8B9646042EB7101E0076E2F2 /* SharedWordStore.swift in Sources */,
				8B9646082EB7113C0076E2F2 /* WordScheduler.swift in Sources */,
				8B9646102EB71A0D0076E2F2 /* PronunciationService.swift in Sources */,
			);
			runOnlyForDeploymentPostprocessing = 0;
		};
		8B9645BA2EB704630076E2F2 /* Sources */ = {
			isa = PBXSourcesBuildPhase;
			buildActionMask = 2147483647;
			files = (
				8B9645C32EB704630076E2F2 /* PalabraDDTests.swift in Sources */,
			);
			runOnlyForDeploymentPostprocessing = 0;
		};
		8B9645C42EB704630076E2F2 /* Sources */ = {
			isa = PBXSourcesBuildPhase;
			buildActionMask = 2147483647;
			files = (
				8B9645CF2EB704630076E2F2 /* PalabraDDUITestsLaunchTests.swift in Sources */,
				8B9645CD2EB704630076E2F2 /* PalabraDDUITests.swift in Sources */,
			);
			runOnlyForDeploymentPostprocessing = 0;
		};
		8B9645DB2EB708880076E2F2 /* Sources */ = {
			isa = PBXSourcesBuildPhase;
			buildActionMask = 2147483647;
			files = (
				8B9645E92EB708890076E2F2 /* PalabraWidgetLiveActivity.swift in Sources */,
				8B9645ED2EB708890076E2F2 /* AppIntent.swift in Sources */,
				8B9645EB2EB708890076E2F2 /* PalabraWidget.swift in Sources */,
				8B9645E72EB708890076E2F2 /* PalabraWidgetBundle.swift in Sources */,
				8B9646062EB7101E0076E2F2 /* SharedWordStore.swift in Sources */,
				8B96460C2EB714730076E2F2 /* WordEntry.swift in Sources */,
				8B9646132EB7216C0076E2F2 /* WordScheduleSettings.swift in Sources */,
				8B9646162EB7269C0076E2F2 /* WordFilterSettings.swift in Sources */,
				8B9646272EB73A5D0076E2F2 /* LanguageCatalog.swift in Sources */,
				8B96460A2EB7113C0076E2F2 /* WordScheduler.swift in Sources */,
				8B96460D2EB716670076E2F2 /* WordBundleLoader.swift in Sources */,
			);
			runOnlyForDeploymentPostprocessing = 0;
		};
/* End PBXSourcesBuildPhase section */

/* Begin PBXTargetDependency section */
		8B9645C02EB704630076E2F2 /* PBXTargetDependency */ = {
			isa = PBXTargetDependency;
			target = 8B9645AD2EB704600076E2F2 /* PalabraDD */;
			targetProxy = 8B9645BF2EB704630076E2F2 /* PBXContainerItemProxy */;
		};
		8B9645CA2EB704630076E2F2 /* PBXTargetDependency */ = {
			isa = PBXTargetDependency;
			target = 8B9645AD2EB704600076E2F2 /* PalabraDD */;
			targetProxy = 8B9645C92EB704630076E2F2 /* PBXContainerItemProxy */;
		};
		8B9645F22EB7088C0076E2F2 /* PBXTargetDependency */ = {
			isa = PBXTargetDependency;
			target = 8B9645DE2EB708880076E2F2 /* PalabraWidgetExtension */;
			targetProxy = 8B9645F12EB7088C0076E2F2 /* PBXContainerItemProxy */;
		};
/* End PBXTargetDependency section */

/* Begin XCBuildConfiguration section */
		8B9645D02EB704630076E2F2 /* Debug */ = {
			isa = XCBuildConfiguration;
			buildSettings = {
				ALWAYS_SEARCH_USER_PATHS = NO;
				ASSETCATALOG_COMPILER_GENERATE_SWIFT_ASSET_SYMBOL_EXTENSIONS = YES;
				CLANG_ANALYZER_NONNULL = YES;
				CLANG_ANALYZER_NUMBER_OBJECT_CONVERSION = YES_AGGRESSIVE;
				CLANG_CXX_LANGUAGE_STANDARD = "gnu++20";
				CLANG_ENABLE_MODULES = YES;
				CLANG_ENABLE_OBJC_ARC = YES;
				CLANG_ENABLE_OBJC_WEAK = YES;
				CLANG_WARN_BLOCK_CAPTURE_AUTORELEASING = YES;
				CLANG_WARN_BOOL_CONVERSION = YES;
				CLANG_WARN_COMMA = YES;
				CLANG_WARN_CONSTANT_CONVERSION = YES;
				CLANG_WARN_DEPRECATED_OBJC_IMPLEMENTATIONS = YES;
				CLANG_WARN_DIRECT_OBJC_ISA_USAGE = YES_ERROR;
				CLANG_WARN_DOCUMENTATION_COMMENTS = YES;
				CLANG_WARN_EMPTY_BODY = YES;
				CLANG_WARN_ENUM_CONVERSION = YES;
				CLANG_WARN_INFINITE_RECURSION = YES;
				CLANG_WARN_INT_CONVERSION = YES;
				CLANG_WARN_NON_LITERAL_NULL_CONVERSION = YES;
				CLANG_WARN_OBJC_IMPLICIT_RETAIN_SELF = YES;
				CLANG_WARN_OBJC_LITERAL_CONVERSION = YES;
				CLANG_WARN_OBJC_ROOT_CLASS = YES_ERROR;
				CLANG_WARN_QUOTED_INCLUDE_IN_FRAMEWORK_HEADER = YES;
				CLANG_WARN_RANGE_LOOP_ANALYSIS = YES;
				CLANG_WARN_STRICT_PROTOTYPES = YES;
				CLANG_WARN_SUSPICIOUS_MOVE = YES;
				CLANG_WARN_UNGUARDED_AVAILABILITY = YES_AGGRESSIVE;
				CLANG_WARN_UNREACHABLE_CODE = YES;
				CLANG_WARN__DUPLICATE_METHOD_MATCH = YES;
				COPY_PHASE_STRIP = NO;
				DEBUG_INFORMATION_FORMAT = dwarf;
				ENABLE_STRICT_OBJC_MSGSEND = YES;
				ENABLE_TESTABILITY = YES;
				ENABLE_USER_SCRIPT_SANDBOXING = YES;
				GCC_C_LANGUAGE_STANDARD = gnu17;
				GCC_DYNAMIC_NO_PIC = NO;
				GCC_NO_COMMON_BLOCKS = YES;
				GCC_OPTIMIZATION_LEVEL = 0;
				GCC_PREPROCESSOR_DEFINITIONS = (
					"DEBUG=1",
					"$(inherited)",
				);
				GCC_WARN_64_TO_32_BIT_CONVERSION = YES;
				GCC_WARN_ABOUT_RETURN_TYPE = YES_ERROR;
				GCC_WARN_UNDECLARED_SELECTOR = YES;
				GCC_WARN_UNINITIALIZED_AUTOS = YES_AGGRESSIVE;
				GCC_WARN_UNUSED_FUNCTION = YES;
				GCC_WARN_UNUSED_VARIABLE = YES;
				IPHONEOS_DEPLOYMENT_TARGET = 17.0;
				LOCALIZATION_PREFERS_STRING_CATALOGS = YES;
				MTL_ENABLE_DEBUG_INFO = INCLUDE_SOURCE;
				MTL_FAST_MATH = YES;
				ONLY_ACTIVE_ARCH = YES;
				SDKROOT = iphoneos;
				SWIFT_ACTIVE_COMPILATION_CONDITIONS = "DEBUG $(inherited)";
				SWIFT_OPTIMIZATION_LEVEL = "-Onone";
			};
			name = Debug;
		};
		8B9645D12EB704630076E2F2 /* Release */ = {
			isa = XCBuildConfiguration;
			buildSettings = {
				ALWAYS_SEARCH_USER_PATHS = NO;
				ASSETCATALOG_COMPILER_GENERATE_SWIFT_ASSET_SYMBOL_EXTENSIONS = YES;
				CLANG_ANALYZER_NONNULL = YES;
				CLANG_ANALYZER_NUMBER_OBJECT_CONVERSION = YES_AGGRESSIVE;
				CLANG_CXX_LANGUAGE_STANDARD = "gnu++20";
				CLANG_ENABLE_MODULES = YES;
				CLANG_ENABLE_OBJC_ARC = YES;
				CLANG_ENABLE_OBJC_WEAK = YES;
				CLANG_WARN_BLOCK_CAPTURE_AUTORELEASING = YES;
				CLANG_WARN_BOOL_CONVERSION = YES;
				CLANG_WARN_COMMA = YES;
				CLANG_WARN_CONSTANT_CONVERSION = YES;
				CLANG_WARN_DEPRECATED_OBJC_IMPLEMENTATIONS = YES;
				CLANG_WARN_DIRECT_OBJC_ISA_USAGE = YES_ERROR;
				CLANG_WARN_DOCUMENTATION_COMMENTS = YES;
				CLANG_WARN_EMPTY_BODY = YES;
				CLANG_WARN_ENUM_CONVERSION = YES;
				CLANG_WARN_INFINITE_RECURSION = YES;
				CLANG_WARN_INT_CONVERSION = YES;
				CLANG_WARN_NON_LITERAL_NULL_CONVERSION = YES;
				CLANG_WARN_OBJC_IMPLICIT_RETAIN_SELF = YES;
				CLANG_WARN_OBJC_LITERAL_CONVERSION = YES;
				CLANG_WARN_OBJC_ROOT_CLASS = YES_ERROR;
				CLANG_WARN_QUOTED_INCLUDE_IN_FRAMEWORK_HEADER = YES;
				CLANG_WARN_RANGE_LOOP_ANALYSIS = YES;
				CLANG_WARN_STRICT_PROTOTYPES = YES;
				CLANG_WARN_SUSPICIOUS_MOVE = YES;
				CLANG_WARN_UNGUARDED_AVAILABILITY = YES_AGGRESSIVE;
				CLANG_WARN_UNREACHABLE_CODE = YES;
				CLANG_WARN__DUPLICATE_METHOD_MATCH = YES;
				COPY_PHASE_STRIP = NO;
				DEBUG_INFORMATION_FORMAT = "dwarf-with-dsym";
				ENABLE_NS_ASSERTIONS = NO;
				ENABLE_STRICT_OBJC_MSGSEND = YES;
				ENABLE_USER_SCRIPT_SANDBOXING = YES;
				GCC_C_LANGUAGE_STANDARD = gnu17;
				GCC_NO_COMMON_BLOCKS = YES;
				GCC_WARN_64_TO_32_BIT_CONVERSION = YES;
				GCC_WARN_ABOUT_RETURN_TYPE = YES_ERROR;
				GCC_WARN_UNDECLARED_SELECTOR = YES;
				GCC_WARN_UNINITIALIZED_AUTOS = YES_AGGRESSIVE;
				GCC_WARN_UNUSED_FUNCTION = YES;
				GCC_WARN_UNUSED_VARIABLE = YES;
				IPHONEOS_DEPLOYMENT_TARGET = 17.0;
				LOCALIZATION_PREFERS_STRING_CATALOGS = YES;
				MTL_ENABLE_DEBUG_INFO = NO;
				MTL_FAST_MATH = YES;
				SDKROOT = iphoneos;
				SWIFT_COMPILATION_MODE = wholemodule;
				VALIDATE_PRODUCT = YES;
			};
			name = Release;
		};
		8B9645D32EB704630076E2F2 /* Debug */ = {
			isa = XCBuildConfiguration;
			buildSettings = {
				ALWAYS_EMBED_SWIFT_STANDARD_LIBRARIES = YES;
				ASSETCATALOG_COMPILER_APPICON_NAME = AppIcon;
				ASSETCATALOG_COMPILER_GLOBAL_ACCENT_COLOR_NAME = AccentColor;
				CODE_SIGN_ENTITLEMENTS = PalabraDD/PalabraDD.entitlements;
				CODE_SIGN_STYLE = Automatic;
				CURRENT_PROJECT_VERSION = 1;
				DEVELOPMENT_ASSET_PATHS = "\"PalabraDD/Preview Content\"";
				DEVELOPMENT_TEAM = Q4FLU9SK26;
				ENABLE_PREVIEWS = YES;
				GENERATE_INFOPLIST_FILE = YES;
				INFOPLIST_KEY_UIApplicationSceneManifest_Generation = YES;
				INFOPLIST_KEY_UIApplicationSupportsIndirectInputEvents = YES;
				INFOPLIST_KEY_UILaunchScreen_Generation = YES;
				INFOPLIST_KEY_UISupportedInterfaceOrientations_iPad = "UIInterfaceOrientationPortrait UIInterfaceOrientationPortraitUpsideDown UIInterfaceOrientationLandscapeLeft UIInterfaceOrientationLandscapeRight";
				INFOPLIST_KEY_UISupportedInterfaceOrientations_iPhone = "UIInterfaceOrientationPortrait UIInterfaceOrientationLandscapeLeft UIInterfaceOrientationLandscapeRight";
				LD_RUNPATH_SEARCH_PATHS = (
					"$(inherited)",
					"@executable_path/Frameworks",
				);
				MARKETING_VERSION = 1.0;
				PRODUCT_BUNDLE_IDENTIFIER = Demartin.PalabraDD;
				PRODUCT_NAME = "$(TARGET_NAME)";
				SWIFT_EMIT_LOC_STRINGS = YES;
				SWIFT_VERSION = 5.0;
				TARGETED_DEVICE_FAMILY = "1,2";
			};
			name = Debug;
		};
		8B9645D42EB704630076E2F2 /* Release */ = {
			isa = XCBuildConfiguration;
			buildSettings = {
				ALWAYS_EMBED_SWIFT_STANDARD_LIBRARIES = YES;
				ASSETCATALOG_COMPILER_APPICON_NAME = AppIcon;
				ASSETCATALOG_COMPILER_GLOBAL_ACCENT_COLOR_NAME = AccentColor;
				CODE_SIGN_ENTITLEMENTS = PalabraDD/PalabraDD.entitlements;
				CODE_SIGN_STYLE = Automatic;
				CURRENT_PROJECT_VERSION = 1;
				DEVELOPMENT_ASSET_PATHS = "\"PalabraDD/Preview Content\"";
				DEVELOPMENT_TEAM = Q4FLU9SK26;
				ENABLE_PREVIEWS = YES;
				GENERATE_INFOPLIST_FILE = YES;
				INFOPLIST_KEY_UIApplicationSceneManifest_Generation = YES;
				INFOPLIST_KEY_UIApplicationSupportsIndirectInputEvents = YES;
				INFOPLIST_KEY_UILaunchScreen_Generation = YES;
				INFOPLIST_KEY_UISupportedInterfaceOrientations_iPad = "UIInterfaceOrientationPortrait UIInterfaceOrientationPortraitUpsideDown UIInterfaceOrientationLandscapeLeft UIInterfaceOrientationLandscapeRight";
				INFOPLIST_KEY_UISupportedInterfaceOrientations_iPhone = "UIInterfaceOrientationPortrait UIInterfaceOrientationLandscapeLeft UIInterfaceOrientationLandscapeRight";
				LD_RUNPATH_SEARCH_PATHS = (
					"$(inherited)",
					"@executable_path/Frameworks",
				);
				MARKETING_VERSION = 1.0;
				PRODUCT_BUNDLE_IDENTIFIER = Demartin.PalabraDD;
				PRODUCT_NAME = "$(TARGET_NAME)";
				SWIFT_EMIT_LOC_STRINGS = YES;
				SWIFT_VERSION = 5.0;
				TARGETED_DEVICE_FAMILY = "1,2";
			};
			name = Release;
		};
		8B9645D62EB704630076E2F2 /* Debug */ = {
			isa = XCBuildConfiguration;
			buildSettings = {
				ALWAYS_EMBED_SWIFT_STANDARD_LIBRARIES = YES;
				BUNDLE_LOADER = "$(TEST_HOST)";
				CODE_SIGN_STYLE = Automatic;
				CURRENT_PROJECT_VERSION = 1;
				GENERATE_INFOPLIST_FILE = YES;
				IPHONEOS_DEPLOYMENT_TARGET = 17.0;
				MARKETING_VERSION = 1.0;
				PRODUCT_BUNDLE_IDENTIFIER = Demartin.PalabraDDTests;
				PRODUCT_NAME = "$(TARGET_NAME)";
				SWIFT_EMIT_LOC_STRINGS = NO;
				SWIFT_VERSION = 5.0;
				TARGETED_DEVICE_FAMILY = "1,2";
				TEST_HOST = "$(BUILT_PRODUCTS_DIR)/PalabraDD.app/$(BUNDLE_EXECUTABLE_FOLDER_PATH)/PalabraDD";
			};
			name = Debug;
		};
		8B9645D72EB704630076E2F2 /* Release */ = {
			isa = XCBuildConfiguration;
			buildSettings = {
				ALWAYS_EMBED_SWIFT_STANDARD_LIBRARIES = YES;
				BUNDLE_LOADER = "$(TEST_HOST)";
				CODE_SIGN_STYLE = Automatic;
				CURRENT_PROJECT_VERSION = 1;
				GENERATE_INFOPLIST_FILE = YES;
				IPHONEOS_DEPLOYMENT_TARGET = 17.0;
				MARKETING_VERSION = 1.0;
				PRODUCT_BUNDLE_IDENTIFIER = Demartin.PalabraDDTests;
				PRODUCT_NAME = "$(TARGET_NAME)";
				SWIFT_EMIT_LOC_STRINGS = NO;
				SWIFT_VERSION = 5.0;
				TARGETED_DEVICE_FAMILY = "1,2";
				TEST_HOST = "$(BUILT_PRODUCTS_DIR)/PalabraDD.app/$(BUNDLE_EXECUTABLE_FOLDER_PATH)/PalabraDD";
			};
			name = Release;
		};
		8B9645D92EB704630076E2F2 /* Debug */ = {
			isa = XCBuildConfiguration;
			buildSettings = {
				ALWAYS_EMBED_SWIFT_STANDARD_LIBRARIES = YES;
				CODE_SIGN_STYLE = Automatic;
				CURRENT_PROJECT_VERSION = 1;
				GENERATE_INFOPLIST_FILE = YES;
				MARKETING_VERSION = 1.0;
				PRODUCT_BUNDLE_IDENTIFIER = Demartin.PalabraDDUITests;
				PRODUCT_NAME = "$(TARGET_NAME)";
				SWIFT_EMIT_LOC_STRINGS = NO;
				SWIFT_VERSION = 5.0;
				TARGETED_DEVICE_FAMILY = "1,2";
				TEST_TARGET_NAME = PalabraDD;
			};
			name = Debug;
		};
		8B9645DA2EB704630076E2F2 /* Release */ = {
			isa = XCBuildConfiguration;
			buildSettings = {
				ALWAYS_EMBED_SWIFT_STANDARD_LIBRARIES = YES;
				CODE_SIGN_STYLE = Automatic;
				CURRENT_PROJECT_VERSION = 1;
				GENERATE_INFOPLIST_FILE = YES;
				MARKETING_VERSION = 1.0;
				PRODUCT_BUNDLE_IDENTIFIER = Demartin.PalabraDDUITests;
				PRODUCT_NAME = "$(TARGET_NAME)";
				SWIFT_EMIT_LOC_STRINGS = NO;
				SWIFT_VERSION = 5.0;
				TARGETED_DEVICE_FAMILY = "1,2";
				TEST_TARGET_NAME = PalabraDD;
			};
			name = Release;
		};
		8B9645F52EB7088C0076E2F2 /* Debug */ = {
			isa = XCBuildConfiguration;
			buildSettings = {
				ASSETCATALOG_COMPILER_GLOBAL_ACCENT_COLOR_NAME = AccentColor;
				ASSETCATALOG_COMPILER_WIDGET_BACKGROUND_COLOR_NAME = WidgetBackground;
				CODE_SIGN_ENTITLEMENTS = PalabraWidget/PalabraWidget.entitlements;
				CODE_SIGN_STYLE = Automatic;
				CURRENT_PROJECT_VERSION = 1;
				DEVELOPMENT_TEAM = Q4FLU9SK26;
				GENERATE_INFOPLIST_FILE = YES;
				INFOPLIST_FILE = PalabraWidget/Info.plist;
				INFOPLIST_KEY_CFBundleDisplayName = PalabraWidget;
				INFOPLIST_KEY_NSHumanReadableCopyright = "";
				LD_RUNPATH_SEARCH_PATHS = (
					"$(inherited)",
					"@executable_path/Frameworks",
					"@executable_path/../../Frameworks",
				);
				MARKETING_VERSION = 1.0;
				PRODUCT_BUNDLE_IDENTIFIER = Demartin.PalabraDD.PalabraWidget;
				PRODUCT_NAME = "$(TARGET_NAME)";
				SKIP_INSTALL = YES;
				SWIFT_EMIT_LOC_STRINGS = YES;
				SWIFT_VERSION = 5.0;
				TARGETED_DEVICE_FAMILY = "1,2";
			};
			name = Debug;
		};
		8B9645F62EB7088C0076E2F2 /* Release */ = {
			isa = XCBuildConfiguration;
			buildSettings = {
				ASSETCATALOG_COMPILER_GLOBAL_ACCENT_COLOR_NAME = AccentColor;
				ASSETCATALOG_COMPILER_WIDGET_BACKGROUND_COLOR_NAME = WidgetBackground;
				CODE_SIGN_ENTITLEMENTS = PalabraWidget/PalabraWidget.entitlements;
				CODE_SIGN_STYLE = Automatic;
				CURRENT_PROJECT_VERSION = 1;
				DEVELOPMENT_TEAM = Q4FLU9SK26;
				GENERATE_INFOPLIST_FILE = YES;
				INFOPLIST_FILE = PalabraWidget/Info.plist;
				INFOPLIST_KEY_CFBundleDisplayName = PalabraWidget;
				INFOPLIST_KEY_NSHumanReadableCopyright = "";
				LD_RUNPATH_SEARCH_PATHS = (
					"$(inherited)",
					"@executable_path/Frameworks",
					"@executable_path/../../Frameworks",
				);
				MARKETING_VERSION = 1.0;
				PRODUCT_BUNDLE_IDENTIFIER = Demartin.PalabraDD.PalabraWidget;
				PRODUCT_NAME = "$(TARGET_NAME)";
				SKIP_INSTALL = YES;
				SWIFT_EMIT_LOC_STRINGS = YES;
				SWIFT_VERSION = 5.0;
				TARGETED_DEVICE_FAMILY = "1,2";
			};
			name = Release;
		};
/* End XCBuildConfiguration section */

/* Begin XCConfigurationList section */
		8B9645A92EB704600076E2F2 /* Build configuration list for PBXProject "PalabraDD" */ = {
			isa = XCConfigurationList;
			buildConfigurations = (
				8B9645D02EB704630076E2F2 /* Debug */,
				8B9645D12EB704630076E2F2 /* Release */,
			);
			defaultConfigurationIsVisible = 0;
			defaultConfigurationName = Release;
		};
		8B9645D22EB704630076E2F2 /* Build configuration list for PBXNativeTarget "PalabraDD" */ = {
			isa = XCConfigurationList;
			buildConfigurations = (
				8B9645D32EB704630076E2F2 /* Debug */,
				8B9645D42EB704630076E2F2 /* Release */,
			);
			defaultConfigurationIsVisible = 0;
			defaultConfigurationName = Release;
		};
		8B9645D52EB704630076E2F2 /* Build configuration list for PBXNativeTarget "PalabraDDTests" */ = {
			isa = XCConfigurationList;
			buildConfigurations = (
				8B9645D62EB704630076E2F2 /* Debug */,
				8B9645D72EB704630076E2F2 /* Release */,
			);
			defaultConfigurationIsVisible = 0;
			defaultConfigurationName = Release;
		};
		8B9645D82EB704630076E2F2 /* Build configuration list for PBXNativeTarget "PalabraDDUITests" */ = {
			isa = XCConfigurationList;
			buildConfigurations = (
				8B9645D92EB704630076E2F2 /* Debug */,
				8B9645DA2EB704630076E2F2 /* Release */,
			);
			defaultConfigurationIsVisible = 0;
			defaultConfigurationName = Release;
		};
		8B9645F72EB7088C0076E2F2 /* Build configuration list for PBXNativeTarget "PalabraWidgetExtension" */ = {
			isa = XCConfigurationList;
			buildConfigurations = (
				8B9645F52EB7088C0076E2F2 /* Debug */,
				8B9645F62EB7088C0076E2F2 /* Release */,
			);
			defaultConfigurationIsVisible = 0;
			defaultConfigurationName = Release;
		};
/* End XCConfigurationList section */
	};
	rootObject = 8B9645A62EB704600076E2F2 /* Project object */;
}
